// !$*UTF8*$!
{
	archiveVersion = 1;
	classes = {
	};
	objectVersion = 77;
	objects = {

/* Begin PBXContainerItemProxy section */
		497360E72DD548BE007453B3 /* PBXContainerItemProxy */ = {
			isa = PBXContainerItemProxy;
			containerPortal = 497360CE2DD548BD007453B3 /* Project object */;
			proxyType = 1;
			remoteGlobalIDString = 497360D52DD548BD007453B3;
			remoteInfo = YouAreAwesome;
		};
		497360F12DD548BE007453B3 /* PBXContainerItemProxy */ = {
			isa = PBXContainerItemProxy;
			containerPortal = 497360CE2DD548BD007453B3 /* Project object */;
			proxyType = 1;
			remoteGlobalIDString = 497360D52DD548BD007453B3;
			remoteInfo = YouAreAwesome;
		};
/* End PBXContainerItemProxy section */

/* Begin PBXFileReference section */
		497360D62DD548BD007453B3 /* YouAreAwesome.app */ = {isa = PBXFileReference; explicitFileType = wrapper.application; includeInIndex = 0; path = YouAreAwesome.app; sourceTree = BUILT_PRODUCTS_DIR; };
		497360E62DD548BE007453B3 /* YouAreAwesomeTests.xctest */ = {isa = PBXFileReference; explicitFileType = wrapper.cfbundle; includeInIndex = 0; path = YouAreAwesomeTests.xctest; sourceTree = BUILT_PRODUCTS_DIR; };
		497360F02DD548BE007453B3 /* YouAreAwesomeUITests.xctest */ = {isa = PBXFileReference; explicitFileType = wrapper.cfbundle; includeInIndex = 0; path = YouAreAwesomeUITests.xctest; sourceTree = BUILT_PRODUCTS_DIR; };
/* End PBXFileReference section */

/* Begin PBXFileSystemSynchronizedBuildFileExceptionSet section */
		49F66D2C2DDD59C7003608F5 /* Exceptions for "YouAreAwesome" folder in "YouAreAwesome" target */ = {
			isa = PBXFileSystemSynchronizedBuildFileExceptionSet;
			membershipExceptions = (
				Info.plist,
			);
			target = 497360D52DD548BD007453B3 /* YouAreAwesome */;
		};
/* End PBXFileSystemSynchronizedBuildFileExceptionSet section */

/* Begin PBXFileSystemSynchronizedRootGroup section */
		497360D82DD548BD007453B3 /* YouAreAwesome */ = {
			isa = PBXFileSystemSynchronizedRootGroup;
			exceptions = (
				49F66D2C2DDD59C7003608F5 /* Exceptions for "YouAreAwesome" folder in "YouAreAwesome" target */,
			);
			path = YouAreAwesome;
			sourceTree = "<group>";
		};
		497360E92DD548BE007453B3 /* YouAreAwesomeTests */ = {
			isa = PBXFileSystemSynchronizedRootGroup;
			path = YouAreAwesomeTests;
			sourceTree = "<group>";
		};
		497360F32DD548BE007453B3 /* YouAreAwesomeUITests */ = {
			isa = PBXFileSystemSynchronizedRootGroup;
			path = YouAreAwesomeUITests;
			sourceTree = "<group>";
		};
/* End PBXFileSystemSynchronizedRootGroup section */

/* Begin PBXFrameworksBuildPhase section */
		497360D32DD548BD007453B3 /* Frameworks */ = {
			isa = PBXFrameworksBuildPhase;
			buildActionMask = 2147483647;
			files = (
			);
			runOnlyForDeploymentPostprocessing = 0;
		};
		497360E32DD548BE007453B3 /* Frameworks */ = {
			isa = PBXFrameworksBuildPhase;
			buildActionMask = 2147483647;
			files = (
			);
			runOnlyForDeploymentPostprocessing = 0;
		};
		497360ED2DD548BE007453B3 /* Frameworks */ = {
			isa = PBXFrameworksBuildPhase;
			buildActionMask = 2147483647;
			files = (
			);
			runOnlyForDeploymentPostprocessing = 0;
		};
/* End PBXFrameworksBuildPhase section */

/* Begin PBXGroup section */
		497360CD2DD548BD007453B3 = {
			isa = PBXGroup;
			children = (
				497360D82DD548BD007453B3 /* YouAreAwesome */,
				497360E92DD548BE007453B3 /* YouAreAwesomeTests */,
				497360F32DD548BE007453B3 /* YouAreAwesomeUITests */,
				497360D72DD548BD007453B3 /* Products */,
			);
			sourceTree = "<group>";
		};
		497360D72DD548BD007453B3 /* Products */ = {
			isa = PBXGroup;
			children = (
				497360D62DD548BD007453B3 /* YouAreAwesome.app */,
				497360E62DD548BE007453B3 /* YouAreAwesomeTests.xctest */,
				497360F02DD548BE007453B3 /* YouAreAwesomeUITests.xctest */,
			);
			name = Products;
			sourceTree = "<group>";
		};
/* End PBXGroup section */

/* Begin PBXNativeTarget section */
		497360D52DD548BD007453B3 /* YouAreAwesome */ = {
			isa = PBXNativeTarget;
			buildConfigurationList = 497360FA2DD548BE007453B3 /* Build configuration list for PBXNativeTarget "YouAreAwesome" */;
			buildPhases = (
				497360D22DD548BD007453B3 /* Sources */,
				497360D32DD548BD007453B3 /* Frameworks */,
				497360D42DD548BD007453B3 /* Resources */,
			);
			buildRules = (
			);
			dependencies = (
			);
			fileSystemSynchronizedGroups = (
				497360D82DD548BD007453B3 /* YouAreAwesome */,
			);
			name = YouAreAwesome;
			packageProductDependencies = (
			);
			productName = YouAreAwesome;
			productReference = 497360D62DD548BD007453B3 /* YouAreAwesome.app */;
			productType = "com.apple.product-type.application";
		};
		497360E52DD548BE007453B3 /* YouAreAwesomeTests */ = {
			isa = PBXNativeTarget;
			buildConfigurationList = 497360FD2DD548BE007453B3 /* Build configuration list for PBXNativeTarget "YouAreAwesomeTests" */;
			buildPhases = (
				497360E22DD548BE007453B3 /* Sources */,
				497360E32DD548BE007453B3 /* Frameworks */,
				497360E42DD548BE007453B3 /* Resources */,
			);
			buildRules = (
			);
			dependencies = (
				497360E82DD548BE007453B3 /* PBXTargetDependency */,
			);
			fileSystemSynchronizedGroups = (
				497360E92DD548BE007453B3 /* YouAreAwesomeTests */,
			);
			name = YouAreAwesomeTests;
			packageProductDependencies = (
			);
			productName = YouAreAwesomeTests;
			productReference = 497360E62DD548BE007453B3 /* YouAreAwesomeTests.xctest */;
			productType = "com.apple.product-type.bundle.unit-test";
		};
		497360EF2DD548BE007453B3 /* YouAreAwesomeUITests */ = {
			isa = PBXNativeTarget;
			buildConfigurationList = 497361002DD548BE007453B3 /* Build configuration list for PBXNativeTarget "YouAreAwesomeUITests" */;
			buildPhases = (
				497360EC2DD548BE007453B3 /* Sources */,
				497360ED2DD548BE007453B3 /* Frameworks */,
				497360EE2DD548BE007453B3 /* Resources */,
			);
			buildRules = (
			);
			dependencies = (
				497360F22DD548BE007453B3 /* PBXTargetDependency */,
			);
			fileSystemSynchronizedGroups = (
				497360F32DD548BE007453B3 /* YouAreAwesomeUITests */,
			);
			name = YouAreAwesomeUITests;
			packageProductDependencies = (
			);
			productName = YouAreAwesomeUITests;
			productReference = 497360F02DD548BE007453B3 /* YouAreAwesomeUITests.xctest */;
			productType = "com.apple.product-type.bundle.ui-testing";
		};
/* End PBXNativeTarget section */

/* Begin PBXProject section */
		497360CE2DD548BD007453B3 /* Project object */ = {
			isa = PBXProject;
			attributes = {
				BuildIndependentTargetsInParallel = 1;
				LastSwiftUpdateCheck = 1620;
				LastUpgradeCheck = 1620;
				TargetAttributes = {
					497360D52DD548BD007453B3 = {
						CreatedOnToolsVersion = 16.2;
					};
					497360E52DD548BE007453B3 = {
						CreatedOnToolsVersion = 16.2;
						TestTargetID = 497360D52DD548BD007453B3;
					};
					497360EF2DD548BE007453B3 = {
						CreatedOnToolsVersion = 16.2;
						TestTargetID = 497360D52DD548BD007453B3;
					};
				};
			};
			buildConfigurationList = 497360D12DD548BD007453B3 /* Build configuration list for PBXProject "YouAreAwesome" */;
			developmentRegion = en;
			hasScannedForEncodings = 0;
			knownRegions = (
				en,
				Base,
			);
			mainGroup = 497360CD2DD548BD007453B3;
			minimizedProjectReferenceProxies = 1;
			preferredProjectObjectVersion = 77;
			productRefGroup = 497360D72DD548BD007453B3 /* Products */;
			projectDirPath = "";
			projectRoot = "";
			targets = (
				497360D52DD548BD007453B3 /* YouAreAwesome */,
				497360E52DD548BE007453B3 /* YouAreAwesomeTests */,
				497360EF2DD548BE007453B3 /* YouAreAwesomeUITests */,
			);
		};
/* End PBXProject section */

/* Begin PBXResourcesBuildPhase section */
		497360D42DD548BD007453B3 /* Resources */ = {
			isa = PBXResourcesBuildPhase;
			buildActionMask = 2147483647;
			files = (
			);
			runOnlyForDeploymentPostprocessing = 0;
		};
		497360E42DD548BE007453B3 /* Resources */ = {
			isa = PBXResourcesBuildPhase;
			buildActionMask = 2147483647;
			files = (
			);
			runOnlyForDeploymentPostprocessing = 0;
		};
		497360EE2DD548BE007453B3 /* Resources */ = {
			isa = PBXResourcesBuildPhase;
			buildActionMask = 2147483647;
			files = (
			);
			runOnlyForDeploymentPostprocessing = 0;
		};
/* End PBXResourcesBuildPhase section */

/* Begin PBXSourcesBuildPhase section */
		497360D22DD548BD007453B3 /* Sources */ = {
			isa = PBXSourcesBuildPhase;
			buildActionMask = 2147483647;
			files = (
			);
			runOnlyForDeploymentPostprocessing = 0;
		};
		497360E22DD548BE007453B3 /* Sources */ = {
			isa = PBXSourcesBuildPhase;
			buildActionMask = 2147483647;
			files = (
			);
			runOnlyForDeploymentPostprocessing = 0;
		};
		497360EC2DD548BE007453B3 /* Sources */ = {
			isa = PBXSourcesBuildPhase;
			buildActionMask = 2147483647;
			files = (
			);
			runOnlyForDeploymentPostprocessing = 0;
		};
/* End PBXSourcesBuildPhase section */

/* Begin PBXTargetDependency section */
		497360E82DD548BE007453B3 /* PBXTargetDependency */ = {
			isa = PBXTargetDependency;
			target = 497360D52DD548BD007453B3 /* YouAreAwesome */;
			targetProxy = 497360E72DD548BE007453B3 /* PBXContainerItemProxy */;
		};
		497360F22DD548BE007453B3 /* PBXTargetDependency */ = {
			isa = PBXTargetDependency;
			target = 497360D52DD548BD007453B3 /* YouAreAwesome */;
			targetProxy = 497360F12DD548BE007453B3 /* PBXContainerItemProxy */;
		};
/* End PBXTargetDependency section */

/* Begin XCBuildConfiguration section */
		497360F82DD548BE007453B3 /* Debug */ = {
			isa = XCBuildConfiguration;
			buildSettings = {
				ALWAYS_SEARCH_USER_PATHS = NO;
				ASSETCATALOG_COMPILER_GENERATE_SWIFT_ASSET_SYMBOL_EXTENSIONS = YES;
				CLANG_ANALYZER_NONNULL = YES;
				CLANG_ANALYZER_NUMBER_OBJECT_CONVERSION = YES_AGGRESSIVE;
				CLANG_CXX_LANGUAGE_STANDARD = "gnu++20";
				CLANG_ENABLE_MODULES = YES;
				CLANG_ENABLE_OBJC_ARC = YES;
				CLANG_ENABLE_OBJC_WEAK = YES;
				CLANG_WARN_BLOCK_CAPTURE_AUTORELEASING = YES;
				CLANG_WARN_BOOL_CONVERSION = YES;
				CLANG_WARN_COMMA = YES;
				CLANG_WARN_CONSTANT_CONVERSION = YES;
				CLANG_WARN_DEPRECATED_OBJC_IMPLEMENTATIONS = YES;
				CLANG_WARN_DIRECT_OBJC_ISA_USAGE = YES_ERROR;
				CLANG_WARN_DOCUMENTATION_COMMENTS = YES;
				CLANG_WARN_EMPTY_BODY = YES;
				CLANG_WARN_ENUM_CONVERSION = YES;
				CLANG_WARN_INFINITE_RECURSION = YES;
				CLANG_WARN_INT_CONVERSION = YES;
				CLANG_WARN_NON_LITERAL_NULL_CONVERSION = YES;
				CLANG_WARN_OBJC_IMPLICIT_RETAIN_SELF = YES;
				CLANG_WARN_OBJC_LITERAL_CONVERSION = YES;
				CLANG_WARN_OBJC_ROOT_CLASS = YES_ERROR;
				CLANG_WARN_QUOTED_INCLUDE_IN_FRAMEWORK_HEADER = YES;
				CLANG_WARN_RANGE_LOOP_ANALYSIS = YES;
				CLANG_WARN_STRICT_PROTOTYPES = YES;
				CLANG_WARN_SUSPICIOUS_MOVE = YES;
				CLANG_WARN_UNGUARDED_AVAILABILITY = YES_AGGRESSIVE;
				CLANG_WARN_UNREACHABLE_CODE = YES;
				CLANG_WARN__DUPLICATE_METHOD_MATCH = YES;
				COPY_PHASE_STRIP = NO;
				DEBUG_INFORMATION_FORMAT = dwarf;
				ENABLE_STRICT_OBJC_MSGSEND = YES;
				ENABLE_TESTABILITY = YES;
				ENABLE_USER_SCRIPT_SANDBOXING = YES;
				GCC_C_LANGUAGE_STANDARD = gnu17;
				GCC_DYNAMIC_NO_PIC = NO;
				GCC_NO_COMMON_BLOCKS = YES;
				GCC_OPTIMIZATION_LEVEL = 0;
				GCC_PREPROCESSOR_DEFINITIONS = (
					"DEBUG=1",
					"$(inherited)",
				);
				GCC_WARN_64_TO_32_BIT_CONVERSION = YES;
				GCC_WARN_ABOUT_RETURN_TYPE = YES_ERROR;
				GCC_WARN_UNDECLARED_SELECTOR = YES;
				GCC_WARN_UNINITIALIZED_AUTOS = YES_AGGRESSIVE;
				GCC_WARN_UNUSED_FUNCTION = YES;
				GCC_WARN_UNUSED_VARIABLE = YES;
				IPHONEOS_DEPLOYMENT_TARGET = 18.2;
				LOCALIZATION_PREFERS_STRING_CATALOGS = YES;
				MTL_ENABLE_DEBUG_INFO = INCLUDE_SOURCE;
				MTL_FAST_MATH = YES;
				ONLY_ACTIVE_ARCH = YES;
				SDKROOT = iphoneos;
				SWIFT_ACTIVE_COMPILATION_CONDITIONS = "DEBUG $(inherited)";
				SWIFT_OPTIMIZATION_LEVEL = "-Onone";
			};
			name = Debug;
		};
		497360F92DD548BE007453B3 /* Release */ = {
			isa = XCBuildConfiguration;
			buildSettings = {
				ALWAYS_SEARCH_USER_PATHS = NO;
				ASSETCATALOG_COMPILER_GENERATE_SWIFT_ASSET_SYMBOL_EXTENSIONS = YES;
				CLANG_ANALYZER_NONNULL = YES;
				CLANG_ANALYZER_NUMBER_OBJECT_CONVERSION = YES_AGGRESSIVE;
				CLANG_CXX_LANGUAGE_STANDARD = "gnu++20";
				CLANG_ENABLE_MODULES = YES;
				CLANG_ENABLE_OBJC_ARC = YES;
				CLANG_ENABLE_OBJC_WEAK = YES;
				CLANG_WARN_BLOCK_CAPTURE_AUTORELEASING = YES;
				CLANG_WARN_BOOL_CONVERSION = YES;
				CLANG_WARN_COMMA = YES;
				CLANG_WARN_CONSTANT_CONVERSION = YES;
				CLANG_WARN_DEPRECATED_OBJC_IMPLEMENTATIONS = YES;
				CLANG_WARN_DIRECT_OBJC_ISA_USAGE = YES_ERROR;
				CLANG_WARN_DOCUMENTATION_COMMENTS = YES;
				CLANG_WARN_EMPTY_BODY = YES;
				CLANG_WARN_ENUM_CONVERSION = YES;
				CLANG_WARN_INFINITE_RECURSION = YES;
				CLANG_WARN_INT_CONVERSION = YES;
				CLANG_WARN_NON_LITERAL_NULL_CONVERSION = YES;
				CLANG_WARN_OBJC_IMPLICIT_RETAIN_SELF = YES;
				CLANG_WARN_OBJC_LITERAL_CONVERSION = YES;
				CLANG_WARN_OBJC_ROOT_CLASS = YES_ERROR;
				CLANG_WARN_QUOTED_INCLUDE_IN_FRAMEWORK_HEADER = YES;
				CLANG_WARN_RANGE_LOOP_ANALYSIS = YES;
				CLANG_WARN_STRICT_PROTOTYPES = YES;
				CLANG_WARN_SUSPICIOUS_MOVE = YES;
				CLANG_WARN_UNGUARDED_AVAILABILITY = YES_AGGRESSIVE;
				CLANG_WARN_UNREACHABLE_CODE = YES;
				CLANG_WARN__DUPLICATE_METHOD_MATCH = YES;
				COPY_PHASE_STRIP = NO;
				DEBUG_INFORMATION_FORMAT = "dwarf-with-dsym";
				ENABLE_NS_ASSERTIONS = NO;
				ENABLE_STRICT_OBJC_MSGSEND = YES;
				ENABLE_USER_SCRIPT_SANDBOXING = YES;
				GCC_C_LANGUAGE_STANDARD = gnu17;
				GCC_NO_COMMON_BLOCKS = YES;
				GCC_WARN_64_TO_32_BIT_CONVERSION = YES;
				GCC_WARN_ABOUT_RETURN_TYPE = YES_ERROR;
				GCC_WARN_UNDECLARED_SELECTOR = YES;
				GCC_WARN_UNINITIALIZED_AUTOS = YES_AGGRESSIVE;
				GCC_WARN_UNUSED_FUNCTION = YES;
				GCC_WARN_UNUSED_VARIABLE = YES;
				IPHONEOS_DEPLOYMENT_TARGET = 18.2;
				LOCALIZATION_PREFERS_STRING_CATALOGS = YES;
				MTL_ENABLE_DEBUG_INFO = NO;
				MTL_FAST_MATH = YES;
				SDKROOT = iphoneos;
				SWIFT_COMPILATION_MODE = wholemodule;
				VALIDATE_PRODUCT = YES;
			};
			name = Release;
		};
		497360FB2DD548BE007453B3 /* Debug */ = {
			isa = XCBuildConfiguration;
			buildSettings = {
				ASSETCATALOG_COMPILER_APPICON_NAME = AppIcon;
				ASSETCATALOG_COMPILER_GLOBAL_ACCENT_COLOR_NAME = AccentColor;
				CODE_SIGN_STYLE = Automatic;
				CURRENT_PROJECT_VERSION = 1;
				DEVELOPMENT_ASSET_PATHS = "\"YouAreAwesome/Preview Content\"";
				DEVELOPMENT_TEAM = 4F2FU373D4;
				ENABLE_PREVIEWS = YES;
				GENERATE_INFOPLIST_FILE = YES;
				INFOPLIST_FILE = YouAreAwesome/Info.plist;
				INFOPLIST_KEY_CFBundleDisplayName = Awesome;
				INFOPLIST_KEY_UIApplicationSceneManifest_Generation = YES;
				INFOPLIST_KEY_UIApplicationSupportsIndirectInputEvents = YES;
				INFOPLIST_KEY_UISupportedInterfaceOrientations_iPad = "UIInterfaceOrientationPortrait UIInterfaceOrientationPortraitUpsideDown UIInterfaceOrientationLandscapeLeft UIInterfaceOrientationLandscapeRight";
				INFOPLIST_KEY_UISupportedInterfaceOrientations_iPhone = "UIInterfaceOrientationPortrait UIInterfaceOrientationLandscapeLeft UIInterfaceOrientationLandscapeRight";
				LD_RUNPATH_SEARCH_PATHS = (
					"$(inherited)",
					"@executable_path/Frameworks",
				);
				MARKETING_VERSION = 1.0;
				PRODUCT_BUNDLE_IDENTIFIER = com.miguel.YouAreAwesome;
				PRODUCT_NAME = "$(TARGET_NAME)";
				SWIFT_EMIT_LOC_STRINGS = YES;
				SWIFT_VERSION = 5.0;
				TARGETED_DEVICE_FAMILY = "1,2";
			};
			name = Debug;
		};
		497360FC2DD548BE007453B3 /* Release */ = {
			isa = XCBuildConfiguration;
			buildSettings = {
				ASSETCATALOG_COMPILER_APPICON_NAME = AppIcon;
				ASSETCATALOG_COMPILER_GLOBAL_ACCENT_COLOR_NAME = AccentColor;
				CODE_SIGN_STYLE = Automatic;
				CURRENT_PROJECT_VERSION = 1;
				DEVELOPMENT_ASSET_PATHS = "\"YouAreAwesome/Preview Content\"";
				DEVELOPMENT_TEAM = 4F2FU373D4;
				ENABLE_PREVIEWS = YES;
				GENERATE_INFOPLIST_FILE = YES;
				INFOPLIST_FILE = YouAreAwesome/Info.plist;
				INFOPLIST_KEY_CFBundleDisplayName = Awesome;
				INFOPLIST_KEY_UIApplicationSceneManifest_Generation = YES;
				INFOPLIST_KEY_UIApplicationSupportsIndirectInputEvents = YES;
				INFOPLIST_KEY_UISupportedInterfaceOrientations_iPad = "UIInterfaceOrientationPortrait UIInterfaceOrientationPortraitUpsideDown UIInterfaceOrientationLandscapeLeft UIInterfaceOrientationLandscapeRight";
				INFOPLIST_KEY_UISupportedInterfaceOrientations_iPhone = "UIInterfaceOrientationPortrait UIInterfaceOrientationLandscapeLeft UIInterfaceOrientationLandscapeRight";
				LD_RUNPATH_SEARCH_PATHS = (
					"$(inherited)",
					"@executable_path/Frameworks",
				);
				MARKETING_VERSION = 1.0;
				PRODUCT_BUNDLE_IDENTIFIER = com.miguel.YouAreAwesome;
				PRODUCT_NAME = "$(TARGET_NAME)";
				SWIFT_EMIT_LOC_STRINGS = YES;
				SWIFT_VERSION = 5.0;
				TARGETED_DEVICE_FAMILY = "1,2";
			};
			name = Release;
		};
		497360FE2DD548BE007453B3 /* Debug */ = {
			isa = XCBuildConfiguration;
			buildSettings = {
				BUNDLE_LOADER = "$(TEST_HOST)";
				CODE_SIGN_STYLE = Automatic;
				CURRENT_PROJECT_VERSION = 1;
				DEVELOPMENT_TEAM = 4F2FU373D4;
				GENERATE_INFOPLIST_FILE = YES;
				IPHONEOS_DEPLOYMENT_TARGET = 18.2;
				MARKETING_VERSION = 1.0;
				PRODUCT_BUNDLE_IDENTIFIER = com.miguel.YouAreAwesomeTests;
				PRODUCT_NAME = "$(TARGET_NAME)";
				SWIFT_EMIT_LOC_STRINGS = NO;
				SWIFT_VERSION = 5.0;
				TARGETED_DEVICE_FAMILY = "1,2";
				TEST_HOST = "$(BUILT_PRODUCTS_DIR)/YouAreAwesome.app/$(BUNDLE_EXECUTABLE_FOLDER_PATH)/YouAreAwesome";
			};
			name = Debug;
		};
		497360FF2DD548BE007453B3 /* Release */ = {
			isa = XCBuildConfiguration;
			buildSettings = {
				BUNDLE_LOADER = "$(TEST_HOST)";
				CODE_SIGN_STYLE = Automatic;
				CURRENT_PROJECT_VERSION = 1;
				DEVELOPMENT_TEAM = 4F2FU373D4;
				GENERATE_INFOPLIST_FILE = YES;
				IPHONEOS_DEPLOYMENT_TARGET = 18.2;
				MARKETING_VERSION = 1.0;
				PRODUCT_BUNDLE_IDENTIFIER = com.miguel.YouAreAwesomeTests;
				PRODUCT_NAME = "$(TARGET_NAME)";
				SWIFT_EMIT_LOC_STRINGS = NO;
				SWIFT_VERSION = 5.0;
				TARGETED_DEVICE_FAMILY = "1,2";
				TEST_HOST = "$(BUILT_PRODUCTS_DIR)/YouAreAwesome.app/$(BUNDLE_EXECUTABLE_FOLDER_PATH)/YouAreAwesome";
			};
			name = Release;
		};
		497361012DD548BE007453B3 /* Debug */ = {
			isa = XCBuildConfiguration;
			buildSettings = {
				CODE_SIGN_STYLE = Automatic;
				CURRENT_PROJECT_VERSION = 1;
				DEVELOPMENT_TEAM = 4F2FU373D4;
				GENERATE_INFOPLIST_FILE = YES;
				MARKETING_VERSION = 1.0;
				PRODUCT_BUNDLE_IDENTIFIER = com.miguel.YouAreAwesomeUITests;
				PRODUCT_NAME = "$(TARGET_NAME)";
				SWIFT_EMIT_LOC_STRINGS = NO;
				SWIFT_VERSION = 5.0;
				TARGETED_DEVICE_FAMILY = "1,2";
				TEST_TARGET_NAME = YouAreAwesome;
			};
			name = Debug;
		};
		497361022DD548BE007453B3 /* Release */ = {
			isa = XCBuildConfiguration;
			buildSettings = {
				CODE_SIGN_STYLE = Automatic;
				CURRENT_PROJECT_VERSION = 1;
				DEVELOPMENT_TEAM = 4F2FU373D4;
				GENERATE_INFOPLIST_FILE = YES;
				MARKETING_VERSION = 1.0;
				PRODUCT_BUNDLE_IDENTIFIER = com.miguel.YouAreAwesomeUITests;
				PRODUCT_NAME = "$(TARGET_NAME)";
				SWIFT_EMIT_LOC_STRINGS = NO;
				SWIFT_VERSION = 5.0;
				TARGETED_DEVICE_FAMILY = "1,2";
				TEST_TARGET_NAME = YouAreAwesome;
			};
			name = Release;
		};
/* End XCBuildConfiguration section */

/* Begin XCConfigurationList section */
		497360D12DD548BD007453B3 /* Build configuration list for PBXProject "YouAreAwesome" */ = {
			isa = XCConfigurationList;
			buildConfigurations = (
				497360F82DD548BE007453B3 /* Debug */,
				497360F92DD548BE007453B3 /* Release */,
			);
			defaultConfigurationIsVisible = 0;
			defaultConfigurationName = Release;
		};
		497360FA2DD548BE007453B3 /* Build configuration list for PBXNativeTarget "YouAreAwesome" */ = {
			isa = XCConfigurationList;
			buildConfigurations = (
				497360FB2DD548BE007453B3 /* Debug */,
				497360FC2DD548BE007453B3 /* Release */,
			);
			defaultConfigurationIsVisible = 0;
			defaultConfigurationName = Release;
		};
		497360FD2DD548BE007453B3 /* Build configuration list for PBXNativeTarget "YouAreAwesomeTests" */ = {
			isa = XCConfigurationList;
			buildConfigurations = (
				497360FE2DD548BE007453B3 /* Debug */,
				497360FF2DD548BE007453B3 /* Release */,
			);
			defaultConfigurationIsVisible = 0;
			defaultConfigurationName = Release;
		};
		497361002DD548BE007453B3 /* Build configuration list for PBXNativeTarget "YouAreAwesomeUITests" */ = {
			isa = XCConfigurationList;
			buildConfigurations = (
				497361012DD548BE007453B3 /* Debug */,
				497361022DD548BE007453B3 /* Release */,
			);
			defaultConfigurationIsVisible = 0;
			defaultConfigurationName = Release;
		};
/* End XCConfigurationList section */
	};
	rootObject = 497360CE2DD548BD007453B3 /* Project object */;
}
